# THIS IS AN AUTOGENERATED FILE. DO NOT EDIT THIS FILE DIRECTLY.
# yarn lockfile v1


async-scheduler@^1.4.3:
  version "1.4.3"
  resolved "https://registry.yarnpkg.com/async-scheduler/-/async-scheduler-1.4.3.tgz#c6e3cfa2d521e4da540dc7bdd4099982249c28cc"
  integrity sha512-G1FKWBJUoiePALjKxpBvqGVSVHOYOXECMEshA9gzgXXpGP5L49+zNKIzX5qSTYb/lN+aQfYO3ELL6L/m7LOsgg==

node-fetch@^2.6.1:
  version "2.6.1"
  resolved "https://registry.yarnpkg.com/node-fetch/-/node-fetch-2.6.1.tgz#045bd323631f76ed2e2b55573394416b639a0052"
  integrity sha512-V4aYg89jEoVRxRb2fJdAg8FHvI7cEyYdVAh94HH0UIK8oJxUfkjlDQN9RbMx+bEjP7+ggMiFRprSti032Oipxw==
